// !$*UTF8*$!
{
	archiveVersion = 1;
	classes = {
	};
	objectVersion = 46;
	objects = {

/* Begin PBXBuildFile section */
		1DFF68FD216B4949001F9A3B /* BaseView.m in Sources */ = {isa = PBXBuildFile; fileRef = 1DFF68FC216B4949001F9A3B /* BaseView.m */; };
		1DFF6902216B4AD2001F9A3B /* BaseTableViewCell.m in Sources */ = {isa = PBXBuildFile; fileRef = 1DFF6901216B4AD2001F9A3B /* BaseTableViewCell.m */; };
		1DFF6906216B4B49001F9A3B /* BaseOutModel.m in Sources */ = {isa = PBXBuildFile; fileRef = 1DFF6905216B4B49001F9A3B /* BaseOutModel.m */; };
		1DFF690F216B5282001F9A3B /* loginbypwd.json in Resources */ = {isa = PBXBuildFile; fileRef = 1DFF690E216B5282001F9A3B /* loginbypwd.json */; };
		1DFF6918216B52D6001F9A3B /* qd3.png in Resources */ = {isa = PBXBuildFile; fileRef = 1DFF6911216B52D6001F9A3B /* qd3.png */; };
		1DFF6919216B52D6001F9A3B /* icon@2x.png in Resources */ = {isa = PBXBuildFile; fileRef = 1DFF6912216B52D6001F9A3B /* icon@2x.png */; };
		1DFF691A216B52D6001F9A3B /* qd2.png in Resources */ = {isa = PBXBuildFile; fileRef = 1DFF6913216B52D6001F9A3B /* qd2.png */; };
		1DFF691B216B52D6001F9A3B /* qd1.png in Resources */ = {isa = PBXBuildFile; fileRef = 1DFF6914216B52D6001F9A3B /* qd1.png */; };
		1DFF691C216B52D6001F9A3B /* qd5.png in Resources */ = {isa = PBXBuildFile; fileRef = 1DFF6915216B52D6001F9A3B /* qd5.png */; };
		1DFF691D216B52D6001F9A3B /* qd4.png in Resources */ = {isa = PBXBuildFile; fileRef = 1DFF6916216B52D6001F9A3B /* qd4.png */; };
		1DFF691E216B52D6001F9A3B /* IMG_0024.png in Resources */ = {isa = PBXBuildFile; fileRef = 1DFF6917216B52D6001F9A3B /* IMG_0024.png */; };
		1DFF6924216B531D001F9A3B /* Base64.m in Sources */ = {isa = PBXBuildFile; fileRef = 1DFF691F216B531B001F9A3B /* Base64.m */; settings = {COMPILER_FLAGS = "-fno-objc-arc"; }; };
		1DFF6925216B531D001F9A3B /* Des.m in Sources */ = {isa = PBXBuildFile; fileRef = 1DFF6922216B531C001F9A3B /* Des.m */; };
		1DFF6927216B5337001F9A3B /* UMMobClick.framework in Frameworks */ = {isa = PBXBuildFile; fileRef = 1DFF6926216B5337001F9A3B /* UMMobClick.framework */; };
		1DFF692A216B54EE001F9A3B /* FDHTTPTools.m in Sources */ = {isa = PBXBuildFile; fileRef = 1DFF6929216B54EE001F9A3B /* FDHTTPTools.m */; };
		1DFF692D216B54FB001F9A3B /* FDSDImageTools.m in Sources */ = {isa = PBXBuildFile; fileRef = 1DFF692C216B54FB001F9A3B /* FDSDImageTools.m */; };
		1DFF6931216B561C001F9A3B /* UICountingLabel.m in Sources */ = {isa = PBXBuildFile; fileRef = 1DFF6930216B561C001F9A3B /* UICountingLabel.m */; };
		1DFF6935216B562A001F9A3B /* LrdOutputView.m in Sources */ = {isa = PBXBuildFile; fileRef = 1DFF6933216B562A001F9A3B /* LrdOutputView.m */; };
		8D3CB8DED4D50359EC3931A7 /* libPods-ProjectFile.a in Frameworks */ = {isa = PBXBuildFile; fileRef = FCAF56F6938F2591D31316F1 /* libPods-ProjectFile.a */; };
		E72F44F21B3FD57C0000B1E7 /* CALayer+Anim.m in Sources */ = {isa = PBXBuildFile; fileRef = E72F44C11B3FD57C0000B1E7 /* CALayer+Anim.m */; };
		E72F44F31B3FD57C0000B1E7 /* CALayer+Transition.m in Sources */ = {isa = PBXBuildFile; fileRef = E72F44C31B3FD57C0000B1E7 /* CALayer+Transition.m */; };
		E72F44F41B3FD57C0000B1E7 /* NSArray+Extend.m in Sources */ = {isa = PBXBuildFile; fileRef = E72F44C61B3FD57C0000B1E7 /* NSArray+Extend.m */; };
		E72F44F51B3FD57C0000B1E7 /* NSDate+Extend.m in Sources */ = {isa = PBXBuildFile; fileRef = E72F44C91B3FD57C0000B1E7 /* NSDate+Extend.m */; };
		E72F44F61B3FD57C0000B1E7 /* NSObject+Extend.m in Sources */ = {isa = PBXBuildFile; fileRef = E72F44CC1B3FD57C0000B1E7 /* NSObject+Extend.m */; };
		E72F44F71B3FD57C0000B1E7 /* NSString+Extend.m in Sources */ = {isa = PBXBuildFile; fileRef = E72F44CF1B3FD57C0000B1E7 /* NSString+Extend.m */; };
		E72F44F81B3FD57C0000B1E7 /* NSString+Password.m in Sources */ = {isa = PBXBuildFile; fileRef = E72F44D11B3FD57C0000B1E7 /* NSString+Password.m */; };
		E72F44F91B3FD57C0000B1E7 /* UIBarButtonItem+Extend.m in Sources */ = {isa = PBXBuildFile; fileRef = E72F44D41B3FD57C0000B1E7 /* UIBarButtonItem+Extend.m */; };
		E72F44FA1B3FD57C0000B1E7 /* UIColor+Extend.m in Sources */ = {isa = PBXBuildFile; fileRef = E72F44D71B3FD57C0000B1E7 /* UIColor+Extend.m */; };
		E72F44FB1B3FD57C0000B1E7 /* UIDevice+Extend.m in Sources */ = {isa = PBXBuildFile; fileRef = E72F44DA1B3FD57C0000B1E7 /* UIDevice+Extend.m */; };
		E72F44FC1B3FD57C0000B1E7 /* UIFont+Extend.m in Sources */ = {isa = PBXBuildFile; fileRef = E72F44DD1B3FD57C0000B1E7 /* UIFont+Extend.m */; };
		E72F44FD1B3FD57C0000B1E7 /* UIImage+Color.m in Sources */ = {isa = PBXBuildFile; fileRef = E72F44E01B3FD57C0000B1E7 /* UIImage+Color.m */; };
		E72F44FE1B3FD57C0000B1E7 /* UIImage+Cut.m in Sources */ = {isa = PBXBuildFile; fileRef = E72F44E21B3FD57C0000B1E7 /* UIImage+Cut.m */; };
		E72F44FF1B3FD57C0000B1E7 /* UIImage+Extend.m in Sources */ = {isa = PBXBuildFile; fileRef = E72F44E41B3FD57C0000B1E7 /* UIImage+Extend.m */; };
		E72F45001B3FD57C0000B1E7 /* UIImage+FixOrientation.m in Sources */ = {isa = PBXBuildFile; fileRef = E72F44E61B3FD57C0000B1E7 /* UIImage+FixOrientation.m */; };
		E72F45011B3FD57C0000B1E7 /* UIImage+Water.m in Sources */ = {isa = PBXBuildFile; fileRef = E72F44E81B3FD57C0000B1E7 /* UIImage+Water.m */; };
		E72F45021B3FD57C0000B1E7 /* UITableViewCell+Extend.m in Sources */ = {isa = PBXBuildFile; fileRef = E72F44EB1B3FD57C0000B1E7 /* UITableViewCell+Extend.m */; };
		E72F45031B3FD57C0000B1E7 /* UIView+Extend.m in Sources */ = {isa = PBXBuildFile; fileRef = E72F44EE1B3FD57C0000B1E7 /* UIView+Extend.m */; };
		E72F45041B3FD57C0000B1E7 /* UIWindow+Launch.m in Sources */ = {isa = PBXBuildFile; fileRef = E72F44F11B3FD57C0000B1E7 /* UIWindow+Launch.m */; };
		E72F452A1B3FD78D0000B1E7 /* NSString+File.m in Sources */ = {isa = PBXBuildFile; fileRef = E72F45291B3FD78D0000B1E7 /* NSString+File.m */; };
		E72F452D1B3FD7E30000B1E7 /* CoreArchive.m in Sources */ = {isa = PBXBuildFile; fileRef = E72F452C1B3FD7E30000B1E7 /* CoreArchive.m */; };
		E7A44CC91B413669005445C9 /* UIApplication+Extend.m in Sources */ = {isa = PBXBuildFile; fileRef = E7A44CC81B413669005445C9 /* UIApplication+Extend.m */; };
		E7AB232C1B3D365F00FE6B2E /* main.m in Sources */ = {isa = PBXBuildFile; fileRef = E7AB232B1B3D365F00FE6B2E /* main.m */; };
		E7AB23351B3D365F00FE6B2E /* Main.storyboard in Resources */ = {isa = PBXBuildFile; fileRef = E7AB23331B3D365F00FE6B2E /* Main.storyboard */; };
		E7AB23371B3D365F00FE6B2E /* Images.xcassets in Resources */ = {isa = PBXBuildFile; fileRef = E7AB23361B3D365F00FE6B2E /* Images.xcassets */; };
		E7AB233A1B3D365F00FE6B2E /* LaunchScreen.xib in Resources */ = {isa = PBXBuildFile; fileRef = E7AB23381B3D365F00FE6B2E /* LaunchScreen.xib */; };
		E7AB23461B3D365F00FE6B2E /* ProjectFileTests.m in Sources */ = {isa = PBXBuildFile; fileRef = E7AB23451B3D365F00FE6B2E /* ProjectFileTests.m */; };
		E7AB23821B3D38EC00FE6B2E /* AppDelegate.m in Sources */ = {isa = PBXBuildFile; fileRef = E7AB23511B3D38EC00FE6B2E /* AppDelegate.m */; };
		E7AB23851B3D38EC00FE6B2E /* ViewController.m in Sources */ = {isa = PBXBuildFile; fileRef = E7AB23591B3D38EC00FE6B2E /* ViewController.m */; };
		E7AB23861B3D38EC00FE6B2E /* MBProgressHUD+YL.m in Sources */ = {isa = PBXBuildFile; fileRef = E7AB235D1B3D38EC00FE6B2E /* MBProgressHUD+YL.m */; };
		E7AB23871B3D38EC00FE6B2E /* MBProgressHUD.bundle in Resources */ = {isa = PBXBuildFile; fileRef = E7AB235E1B3D38EC00FE6B2E /* MBProgressHUD.bundle */; };
		E7AB238A1B3D38EC00FE6B2E /* YLAdvViewController.h.m in Sources */ = {isa = PBXBuildFile; fileRef = E7AB23661B3D38EC00FE6B2E /* YLAdvViewController.h.m */; };
		E7AB238B1B3D38EC00FE6B2E /* YLNavigationController.h.m in Sources */ = {isa = PBXBuildFile; fileRef = E7AB23681B3D38EC00FE6B2E /* YLNavigationController.h.m */; };
		E7AB238C1B3D38EC00FE6B2E /* YLTabBarViewController.m in Sources */ = {isa = PBXBuildFile; fileRef = E7AB236A1B3D38EC00FE6B2E /* YLTabBarViewController.m */; };
		E7AB23911B3D38EC00FE6B2E /* YLFunction.m in Sources */ = {isa = PBXBuildFile; fileRef = E7AB23781B3D38EC00FE6B2E /* YLFunction.m */; };
		E7AB23991B3D41F300FE6B2E /* YLAccount.m in Sources */ = {isa = PBXBuildFile; fileRef = E7AB23981B3D41F300FE6B2E /* YLAccount.m */; };
		E7AB239C1B3D423500FE6B2E /* YLAccountTool.m in Sources */ = {isa = PBXBuildFile; fileRef = E7AB239B1B3D423500FE6B2E /* YLAccountTool.m */; };
		E7AB239F1B3D429000FE6B2E /* YLControllerTool.m in Sources */ = {isa = PBXBuildFile; fileRef = E7AB239E1B3D429000FE6B2E /* YLControllerTool.m */; };
/* End PBXBuildFile section */

/* Begin PBXContainerItemProxy section */
		E7AB23401B3D365F00FE6B2E /* PBXContainerItemProxy */ = {
			isa = PBXContainerItemProxy;
			containerPortal = E7AB231E1B3D365F00FE6B2E /* Project object */;
			proxyType = 1;
			remoteGlobalIDString = E7AB23251B3D365F00FE6B2E;
			remoteInfo = ProjectFile;
		};
/* End PBXContainerItemProxy section */

/* Begin PBXFileReference section */
		1DFF68FB216B4949001F9A3B /* BaseView.h */ = {isa = PBXFileReference; lastKnownFileType = sourcecode.c.h; path = BaseView.h; sourceTree = "<group>"; };
		1DFF68FC216B4949001F9A3B /* BaseView.m */ = {isa = PBXFileReference; lastKnownFileType = sourcecode.c.objc; path = BaseView.m; sourceTree = "<group>"; };
		1DFF6900216B4AD2001F9A3B /* BaseTableViewCell.h */ = {isa = PBXFileReference; lastKnownFileType = sourcecode.c.h; path = BaseTableViewCell.h; sourceTree = "<group>"; };
		1DFF6901216B4AD2001F9A3B /* BaseTableViewCell.m */ = {isa = PBXFileReference; lastKnownFileType = sourcecode.c.objc; path = BaseTableViewCell.m; sourceTree = "<group>"; };
		1DFF6904216B4B49001F9A3B /* BaseOutModel.h */ = {isa = PBXFileReference; lastKnownFileType = sourcecode.c.h; path = BaseOutModel.h; sourceTree = "<group>"; };
		1DFF6905216B4B49001F9A3B /* BaseOutModel.m */ = {isa = PBXFileReference; lastKnownFileType = sourcecode.c.objc; path = BaseOutModel.m; sourceTree = "<group>"; };
		1DFF6908216B4C0B001F9A3B /* ENUMMacro.h */ = {isa = PBXFileReference; fileEncoding = 4; lastKnownFileType = sourcecode.c.h; path = ENUMMacro.h; sourceTree = "<group>"; };
		1DFF6909216B4C27001F9A3B /* ColorMacro.h */ = {isa = PBXFileReference; fileEncoding = 4; lastKnownFileType = sourcecode.c.h; path = ColorMacro.h; sourceTree = "<group>"; };
		1DFF690A216B4C33001F9A3B /* FontMacro.h */ = {isa = PBXFileReference; fileEncoding = 4; lastKnownFileType = sourcecode.c.h; path = FontMacro.h; sourceTree = "<group>"; };
		1DFF690B216B4C3D001F9A3B /* RectMacro.h */ = {isa = PBXFileReference; fileEncoding = 4; lastKnownFileType = sourcecode.c.h; path = RectMacro.h; sourceTree = "<group>"; };
		1DFF690E216B5282001F9A3B /* loginbypwd.json */ = {isa = PBXFileReference; fileEncoding = 4; lastKnownFileType = text.json; path = loginbypwd.json; sourceTree = "<group>"; };
		1DFF6911216B52D6001F9A3B /* qd3.png */ = {isa = PBXFileReference; lastKnownFileType = image.png; path = qd3.png; sourceTree = "<group>"; };
		1DFF6912216B52D6001F9A3B /* icon@2x.png */ = {isa = PBXFileReference; lastKnownFileType = image.png; path = "icon@2x.png"; sourceTree = "<group>"; };
		1DFF6913216B52D6001F9A3B /* qd2.png */ = {isa = PBXFileReference; lastKnownFileType = image.png; path = qd2.png; sourceTree = "<group>"; };
		1DFF6914216B52D6001F9A3B /* qd1.png */ = {isa = PBXFileReference; lastKnownFileType = image.png; path = qd1.png; sourceTree = "<group>"; };
		1DFF6915216B52D6001F9A3B /* qd5.png */ = {isa = PBXFileReference; lastKnownFileType = image.png; path = qd5.png; sourceTree = "<group>"; };
		1DFF6916216B52D6001F9A3B /* qd4.png */ = {isa = PBXFileReference; lastKnownFileType = image.png; path = qd4.png; sourceTree = "<group>"; };
		1DFF6917216B52D6001F9A3B /* IMG_0024.png */ = {isa = PBXFileReference; lastKnownFileType = image.png; path = IMG_0024.png; sourceTree = "<group>"; };
		1DFF691F216B531B001F9A3B /* Base64.m */ = {isa = PBXFileReference; fileEncoding = 4; lastKnownFileType = sourcecode.c.objc; path = Base64.m; sourceTree = "<group>"; };
		1DFF6920216B531B001F9A3B /* Base64Defines.h */ = {isa = PBXFileReference; fileEncoding = 4; lastKnownFileType = sourcecode.c.h; path = Base64Defines.h; sourceTree = "<group>"; };
		1DFF6921216B531C001F9A3B /* Des.h */ = {isa = PBXFileReference; fileEncoding = 4; lastKnownFileType = sourcecode.c.h; path = Des.h; sourceTree = "<group>"; };
		1DFF6922216B531C001F9A3B /* Des.m */ = {isa = PBXFileReference; fileEncoding = 4; lastKnownFileType = sourcecode.c.objc; path = Des.m; sourceTree = "<group>"; };
		1DFF6923216B531D001F9A3B /* Base64.h */ = {isa = PBXFileReference; fileEncoding = 4; lastKnownFileType = sourcecode.c.h; path = Base64.h; sourceTree = "<group>"; };
		1DFF6926216B5337001F9A3B /* UMMobClick.framework */ = {isa = PBXFileReference; lastKnownFileType = wrapper.framework; path = UMMobClick.framework; sourceTree = "<group>"; };
		1DFF6928216B54ED001F9A3B /* FDHTTPTools.h */ = {isa = PBXFileReference; fileEncoding = 4; lastKnownFileType = sourcecode.c.h; path = FDHTTPTools.h; sourceTree = "<group>"; };
		1DFF6929216B54EE001F9A3B /* FDHTTPTools.m */ = {isa = PBXFileReference; fileEncoding = 4; lastKnownFileType = sourcecode.c.objc; path = FDHTTPTools.m; sourceTree = "<group>"; };
		1DFF692B216B54FB001F9A3B /* FDSDImageTools.h */ = {isa = PBXFileReference; fileEncoding = 4; lastKnownFileType = sourcecode.c.h; path = FDSDImageTools.h; sourceTree = "<group>"; };
		1DFF692C216B54FB001F9A3B /* FDSDImageTools.m */ = {isa = PBXFileReference; fileEncoding = 4; lastKnownFileType = sourcecode.c.objc; path = FDSDImageTools.m; sourceTree = "<group>"; };
		1DFF692F216B561C001F9A3B /* UICountingLabel.h */ = {isa = PBXFileReference; fileEncoding = 4; lastKnownFileType = sourcecode.c.h; path = UICountingLabel.h; sourceTree = "<group>"; };
		1DFF6930216B561C001F9A3B /* UICountingLabel.m */ = {isa = PBXFileReference; fileEncoding = 4; lastKnownFileType = sourcecode.c.objc; path = UICountingLabel.m; sourceTree = "<group>"; };
		1DFF6933216B562A001F9A3B /* LrdOutputView.m */ = {isa = PBXFileReference; fileEncoding = 4; lastKnownFileType = sourcecode.c.objc; path = LrdOutputView.m; sourceTree = "<group>"; };
		1DFF6934216B562A001F9A3B /* LrdOutputView.h */ = {isa = PBXFileReference; fileEncoding = 4; lastKnownFileType = sourcecode.c.h; path = LrdOutputView.h; sourceTree = "<group>"; };
		1DFF6936216B574B001F9A3B /* CoreConst.h */ = {isa = PBXFileReference; lastKnownFileType = sourcecode.c.h; name = CoreConst.h; path = ../../../../ZXiTOP_KT_iOS_V2.02.04U3/FDProject/Macro/CoreConst.h; sourceTree = "<group>"; };
		1DFF6937216B576E001F9A3B /* CoreConst.h */ = {isa = PBXFileReference; fileEncoding = 4; lastKnownFileType = sourcecode.c.h; path = CoreConst.h; sourceTree = "<group>"; };
		69C139F6A32556891312F013 /* Pods-ProjectFile.release.xcconfig */ = {isa = PBXFileReference; includeInIndex = 1; lastKnownFileType = text.xcconfig; name = "Pods-ProjectFile.release.xcconfig"; path = "Pods/Target Support Files/Pods-ProjectFile/Pods-ProjectFile.release.xcconfig"; sourceTree = "<group>"; };
		731E7A332C3AF85E15463C91 /* Pods-ProjectFile.debug.xcconfig */ = {isa = PBXFileReference; includeInIndex = 1; lastKnownFileType = text.xcconfig; name = "Pods-ProjectFile.debug.xcconfig"; path = "Pods/Target Support Files/Pods-ProjectFile/Pods-ProjectFile.debug.xcconfig"; sourceTree = "<group>"; };
		E72F44C01B3FD57C0000B1E7 /* CALayer+Anim.h */ = {isa = PBXFileReference; fileEncoding = 4; lastKnownFileType = sourcecode.c.h; path = "CALayer+Anim.h"; sourceTree = "<group>"; };
		E72F44C11B3FD57C0000B1E7 /* CALayer+Anim.m */ = {isa = PBXFileReference; fileEncoding = 4; lastKnownFileType = sourcecode.c.objc; path = "CALayer+Anim.m"; sourceTree = "<group>"; };
		E72F44C21B3FD57C0000B1E7 /* CALayer+Transition.h */ = {isa = PBXFileReference; fileEncoding = 4; lastKnownFileType = sourcecode.c.h; path = "CALayer+Transition.h"; sourceTree = "<group>"; };
		E72F44C31B3FD57C0000B1E7 /* CALayer+Transition.m */ = {isa = PBXFileReference; fileEncoding = 4; lastKnownFileType = sourcecode.c.objc; path = "CALayer+Transition.m"; sourceTree = "<group>"; };
		E72F44C51B3FD57C0000B1E7 /* NSArray+Extend.h */ = {isa = PBXFileReference; fileEncoding = 4; lastKnownFileType = sourcecode.c.h; path = "NSArray+Extend.h"; sourceTree = "<group>"; };
		E72F44C61B3FD57C0000B1E7 /* NSArray+Extend.m */ = {isa = PBXFileReference; fileEncoding = 4; lastKnownFileType = sourcecode.c.objc; path = "NSArray+Extend.m"; sourceTree = "<group>"; };
		E72F44C81B3FD57C0000B1E7 /* NSDate+Extend.h */ = {isa = PBXFileReference; fileEncoding = 4; lastKnownFileType = sourcecode.c.h; path = "NSDate+Extend.h"; sourceTree = "<group>"; };
		E72F44C91B3FD57C0000B1E7 /* NSDate+Extend.m */ = {isa = PBXFileReference; fileEncoding = 4; lastKnownFileType = sourcecode.c.objc; path = "NSDate+Extend.m"; sourceTree = "<group>"; };
		E72F44CB1B3FD57C0000B1E7 /* NSObject+Extend.h */ = {isa = PBXFileReference; fileEncoding = 4; lastKnownFileType = sourcecode.c.h; path = "NSObject+Extend.h"; sourceTree = "<group>"; };
		E72F44CC1B3FD57C0000B1E7 /* NSObject+Extend.m */ = {isa = PBXFileReference; fileEncoding = 4; lastKnownFileType = sourcecode.c.objc; path = "NSObject+Extend.m"; sourceTree = "<group>"; };
		E72F44CE1B3FD57C0000B1E7 /* NSString+Extend.h */ = {isa = PBXFileReference; fileEncoding = 4; lastKnownFileType = sourcecode.c.h; path = "NSString+Extend.h"; sourceTree = "<group>"; };
		E72F44CF1B3FD57C0000B1E7 /* NSString+Extend.m */ = {isa = PBXFileReference; fileEncoding = 4; lastKnownFileType = sourcecode.c.objc; path = "NSString+Extend.m"; sourceTree = "<group>"; };
		E72F44D01B3FD57C0000B1E7 /* NSString+Password.h */ = {isa = PBXFileReference; fileEncoding = 4; lastKnownFileType = sourcecode.c.h; path = "NSString+Password.h"; sourceTree = "<group>"; };
		E72F44D11B3FD57C0000B1E7 /* NSString+Password.m */ = {isa = PBXFileReference; fileEncoding = 4; lastKnownFileType = sourcecode.c.objc; path = "NSString+Password.m"; sourceTree = "<group>"; };
		E72F44D31B3FD57C0000B1E7 /* UIBarButtonItem+Extend.h */ = {isa = PBXFileReference; fileEncoding = 4; lastKnownFileType = sourcecode.c.h; path = "UIBarButtonItem+Extend.h"; sourceTree = "<group>"; };
		E72F44D41B3FD57C0000B1E7 /* UIBarButtonItem+Extend.m */ = {isa = PBXFileReference; fileEncoding = 4; lastKnownFileType = sourcecode.c.objc; path = "UIBarButtonItem+Extend.m"; sourceTree = "<group>"; };
		E72F44D61B3FD57C0000B1E7 /* UIColor+Extend.h */ = {isa = PBXFileReference; fileEncoding = 4; lastKnownFileType = sourcecode.c.h; path = "UIColor+Extend.h"; sourceTree = "<group>"; };
		E72F44D71B3FD57C0000B1E7 /* UIColor+Extend.m */ = {isa = PBXFileReference; fileEncoding = 4; lastKnownFileType = sourcecode.c.objc; path = "UIColor+Extend.m"; sourceTree = "<group>"; };
		E72F44D91B3FD57C0000B1E7 /* UIDevice+Extend.h */ = {isa = PBXFileReference; fileEncoding = 4; lastKnownFileType = sourcecode.c.h; path = "UIDevice+Extend.h"; sourceTree = "<group>"; };
		E72F44DA1B3FD57C0000B1E7 /* UIDevice+Extend.m */ = {isa = PBXFileReference; fileEncoding = 4; lastKnownFileType = sourcecode.c.objc; path = "UIDevice+Extend.m"; sourceTree = "<group>"; };
		E72F44DC1B3FD57C0000B1E7 /* UIFont+Extend.h */ = {isa = PBXFileReference; fileEncoding = 4; lastKnownFileType = sourcecode.c.h; path = "UIFont+Extend.h"; sourceTree = "<group>"; };
		E72F44DD1B3FD57C0000B1E7 /* UIFont+Extend.m */ = {isa = PBXFileReference; fileEncoding = 4; lastKnownFileType = sourcecode.c.objc; path = "UIFont+Extend.m"; sourceTree = "<group>"; };
		E72F44DF1B3FD57C0000B1E7 /* UIImage+Color.h */ = {isa = PBXFileReference; fileEncoding = 4; lastKnownFileType = sourcecode.c.h; path = "UIImage+Color.h"; sourceTree = "<group>"; };
		E72F44E01B3FD57C0000B1E7 /* UIImage+Color.m */ = {isa = PBXFileReference; fileEncoding = 4; lastKnownFileType = sourcecode.c.objc; path = "UIImage+Color.m"; sourceTree = "<group>"; };
		E72F44E11B3FD57C0000B1E7 /* UIImage+Cut.h */ = {isa = PBXFileReference; fileEncoding = 4; lastKnownFileType = sourcecode.c.h; path = "UIImage+Cut.h"; sourceTree = "<group>"; };
		E72F44E21B3FD57C0000B1E7 /* UIImage+Cut.m */ = {isa = PBXFileReference; fileEncoding = 4; lastKnownFileType = sourcecode.c.objc; path = "UIImage+Cut.m"; sourceTree = "<group>"; };
		E72F44E31B3FD57C0000B1E7 /* UIImage+Extend.h */ = {isa = PBXFileReference; fileEncoding = 4; lastKnownFileType = sourcecode.c.h; path = "UIImage+Extend.h"; sourceTree = "<group>"; };
		E72F44E41B3FD57C0000B1E7 /* UIImage+Extend.m */ = {isa = PBXFileReference; fileEncoding = 4; lastKnownFileType = sourcecode.c.objc; path = "UIImage+Extend.m"; sourceTree = "<group>"; };
		E72F44E51B3FD57C0000B1E7 /* UIImage+FixOrientation.h */ = {isa = PBXFileReference; fileEncoding = 4; lastKnownFileType = sourcecode.c.h; path = "UIImage+FixOrientation.h"; sourceTree = "<group>"; };
		E72F44E61B3FD57C0000B1E7 /* UIImage+FixOrientation.m */ = {isa = PBXFileReference; fileEncoding = 4; lastKnownFileType = sourcecode.c.objc; path = "UIImage+FixOrientation.m"; sourceTree = "<group>"; };
		E72F44E71B3FD57C0000B1E7 /* UIImage+Water.h */ = {isa = PBXFileReference; fileEncoding = 4; lastKnownFileType = sourcecode.c.h; path = "UIImage+Water.h"; sourceTree = "<group>"; };
		E72F44E81B3FD57C0000B1E7 /* UIImage+Water.m */ = {isa = PBXFileReference; fileEncoding = 4; lastKnownFileType = sourcecode.c.objc; path = "UIImage+Water.m"; sourceTree = "<group>"; };
		E72F44EA1B3FD57C0000B1E7 /* UITableViewCell+Extend.h */ = {isa = PBXFileReference; fileEncoding = 4; lastKnownFileType = sourcecode.c.h; path = "UITableViewCell+Extend.h"; sourceTree = "<group>"; };
		E72F44EB1B3FD57C0000B1E7 /* UITableViewCell+Extend.m */ = {isa = PBXFileReference; fileEncoding = 4; lastKnownFileType = sourcecode.c.objc; path = "UITableViewCell+Extend.m"; sourceTree = "<group>"; };
		E72F44ED1B3FD57C0000B1E7 /* UIView+Extend.h */ = {isa = PBXFileReference; fileEncoding = 4; lastKnownFileType = sourcecode.c.h; path = "UIView+Extend.h"; sourceTree = "<group>"; };
		E72F44EE1B3FD57C0000B1E7 /* UIView+Extend.m */ = {isa = PBXFileReference; fileEncoding = 4; lastKnownFileType = sourcecode.c.objc; path = "UIView+Extend.m"; sourceTree = "<group>"; };
		E72F44F01B3FD57C0000B1E7 /* UIWindow+Launch.h */ = {isa = PBXFileReference; fileEncoding = 4; lastKnownFileType = sourcecode.c.h; path = "UIWindow+Launch.h"; sourceTree = "<group>"; };
		E72F44F11B3FD57C0000B1E7 /* UIWindow+Launch.m */ = {isa = PBXFileReference; fileEncoding = 4; lastKnownFileType = sourcecode.c.objc; path = "UIWindow+Launch.m"; sourceTree = "<group>"; };
		E72F45281B3FD78D0000B1E7 /* NSString+File.h */ = {isa = PBXFileReference; fileEncoding = 4; lastKnownFileType = sourcecode.c.h; path = "NSString+File.h"; sourceTree = "<group>"; };
		E72F45291B3FD78D0000B1E7 /* NSString+File.m */ = {isa = PBXFileReference; fileEncoding = 4; lastKnownFileType = sourcecode.c.objc; path = "NSString+File.m"; sourceTree = "<group>"; };
		E72F452B1B3FD7E30000B1E7 /* CoreArchive.h */ = {isa = PBXFileReference; fileEncoding = 4; lastKnownFileType = sourcecode.c.h; path = CoreArchive.h; sourceTree = "<group>"; };
		E72F452C1B3FD7E30000B1E7 /* CoreArchive.m */ = {isa = PBXFileReference; fileEncoding = 4; lastKnownFileType = sourcecode.c.objc; path = CoreArchive.m; sourceTree = "<group>"; };
		E7A44CC71B413669005445C9 /* UIApplication+Extend.h */ = {isa = PBXFileReference; fileEncoding = 4; lastKnownFileType = sourcecode.c.h; path = "UIApplication+Extend.h"; sourceTree = "<group>"; };
		E7A44CC81B413669005445C9 /* UIApplication+Extend.m */ = {isa = PBXFileReference; fileEncoding = 4; lastKnownFileType = sourcecode.c.objc; path = "UIApplication+Extend.m"; sourceTree = "<group>"; };
		E7AB23261B3D365F00FE6B2E /* ProjectFile.app */ = {isa = PBXFileReference; explicitFileType = wrapper.application; includeInIndex = 0; path = ProjectFile.app; sourceTree = BUILT_PRODUCTS_DIR; };
		E7AB232A1B3D365F00FE6B2E /* Info.plist */ = {isa = PBXFileReference; lastKnownFileType = text.plist.xml; path = Info.plist; sourceTree = "<group>"; };
		E7AB232B1B3D365F00FE6B2E /* main.m */ = {isa = PBXFileReference; lastKnownFileType = sourcecode.c.objc; path = main.m; sourceTree = "<group>"; };
		E7AB23341B3D365F00FE6B2E /* Base */ = {isa = PBXFileReference; lastKnownFileType = file.storyboard; name = Base; path = Base.lproj/Main.storyboard; sourceTree = "<group>"; };
		E7AB23361B3D365F00FE6B2E /* Images.xcassets */ = {isa = PBXFileReference; lastKnownFileType = folder.assetcatalog; name = Images.xcassets; path = ../Images.xcassets; sourceTree = "<group>"; };
		E7AB23391B3D365F00FE6B2E /* Base */ = {isa = PBXFileReference; lastKnownFileType = file.xib; name = Base; path = Base.lproj/LaunchScreen.xib; sourceTree = "<group>"; };
		E7AB233F1B3D365F00FE6B2E /* ProjectFileTests.xctest */ = {isa = PBXFileReference; explicitFileType = wrapper.cfbundle; includeInIndex = 0; path = ProjectFileTests.xctest; sourceTree = BUILT_PRODUCTS_DIR; };
		E7AB23441B3D365F00FE6B2E /* Info.plist */ = {isa = PBXFileReference; lastKnownFileType = text.plist.xml; path = Info.plist; sourceTree = "<group>"; };
		E7AB23451B3D365F00FE6B2E /* ProjectFileTests.m */ = {isa = PBXFileReference; lastKnownFileType = sourcecode.c.objc; path = ProjectFileTests.m; sourceTree = "<group>"; };
		E7AB23501B3D38EC00FE6B2E /* AppDelegate.h */ = {isa = PBXFileReference; fileEncoding = 4; lastKnownFileType = sourcecode.c.h; path = AppDelegate.h; sourceTree = "<group>"; };
		E7AB23511B3D38EC00FE6B2E /* AppDelegate.m */ = {isa = PBXFileReference; fileEncoding = 4; lastKnownFileType = sourcecode.c.objc; path = AppDelegate.m; sourceTree = "<group>"; };
		E7AB23581B3D38EC00FE6B2E /* ViewController.h */ = {isa = PBXFileReference; fileEncoding = 4; lastKnownFileType = sourcecode.c.h; path = ViewController.h; sourceTree = "<group>"; };
		E7AB23591B3D38EC00FE6B2E /* ViewController.m */ = {isa = PBXFileReference; fileEncoding = 4; lastKnownFileType = sourcecode.c.objc; path = ViewController.m; sourceTree = "<group>"; };
		E7AB235C1B3D38EC00FE6B2E /* MBProgressHUD+YL.h */ = {isa = PBXFileReference; fileEncoding = 4; lastKnownFileType = sourcecode.c.h; path = "MBProgressHUD+YL.h"; sourceTree = "<group>"; };
		E7AB235D1B3D38EC00FE6B2E /* MBProgressHUD+YL.m */ = {isa = PBXFileReference; fileEncoding = 4; lastKnownFileType = sourcecode.c.objc; path = "MBProgressHUD+YL.m"; sourceTree = "<group>"; };
		E7AB235E1B3D38EC00FE6B2E /* MBProgressHUD.bundle */ = {isa = PBXFileReference; lastKnownFileType = "wrapper.plug-in"; path = MBProgressHUD.bundle; sourceTree = "<group>"; };
		E7AB23651B3D38EC00FE6B2E /* YLAdvViewController.h */ = {isa = PBXFileReference; fileEncoding = 4; lastKnownFileType = sourcecode.c.h; path = YLAdvViewController.h; sourceTree = "<group>"; };
		E7AB23661B3D38EC00FE6B2E /* YLAdvViewController.h.m */ = {isa = PBXFileReference; fileEncoding = 4; lastKnownFileType = sourcecode.c.objc; path = YLAdvViewController.h.m; sourceTree = "<group>"; };
		E7AB23671B3D38EC00FE6B2E /* YLNavigationController.h */ = {isa = PBXFileReference; fileEncoding = 4; lastKnownFileType = sourcecode.c.h; path = YLNavigationController.h; sourceTree = "<group>"; };
		E7AB23681B3D38EC00FE6B2E /* YLNavigationController.h.m */ = {isa = PBXFileReference; fileEncoding = 4; lastKnownFileType = sourcecode.c.objc; path = YLNavigationController.h.m; sourceTree = "<group>"; };
		E7AB23691B3D38EC00FE6B2E /* YLTabBarViewController.h */ = {isa = PBXFileReference; fileEncoding = 4; lastKnownFileType = sourcecode.c.h; path = YLTabBarViewController.h; sourceTree = "<group>"; };
		E7AB236A1B3D38EC00FE6B2E /* YLTabBarViewController.m */ = {isa = PBXFileReference; fileEncoding = 4; lastKnownFileType = sourcecode.c.objc; path = YLTabBarViewController.m; sourceTree = "<group>"; };
		E7AB23741B3D38EC00FE6B2E /* PrefixHeader.pch */ = {isa = PBXFileReference; fileEncoding = 4; lastKnownFileType = sourcecode.c.h; path = PrefixHeader.pch; sourceTree = "<group>"; };
		E7AB23771B3D38EC00FE6B2E /* YLFunction.h */ = {isa = PBXFileReference; fileEncoding = 4; lastKnownFileType = sourcecode.c.h; path = YLFunction.h; sourceTree = "<group>"; };
		E7AB23781B3D38EC00FE6B2E /* YLFunction.m */ = {isa = PBXFileReference; fileEncoding = 4; lastKnownFileType = sourcecode.c.objc; path = YLFunction.m; sourceTree = "<group>"; };
		E7AB237C1B3D38EC00FE6B2E /* NotificationMacro.h */ = {isa = PBXFileReference; fileEncoding = 4; lastKnownFileType = sourcecode.c.h; path = NotificationMacro.h; sourceTree = "<group>"; };
		E7AB237D1B3D38EC00FE6B2E /* URLsMacro.h */ = {isa = PBXFileReference; fileEncoding = 4; lastKnownFileType = sourcecode.c.h; path = URLsMacro.h; sourceTree = "<group>"; };
		E7AB237E1B3D38EC00FE6B2E /* UtilsMacro.h */ = {isa = PBXFileReference; fileEncoding = 4; lastKnownFileType = sourcecode.c.h; path = UtilsMacro.h; sourceTree = "<group>"; };
		E7AB237F1B3D38EC00FE6B2E /* VendorMacro.h */ = {isa = PBXFileReference; fileEncoding = 4; lastKnownFileType = sourcecode.c.h; path = VendorMacro.h; sourceTree = "<group>"; };
		E7AB23971B3D41F300FE6B2E /* YLAccount.h */ = {isa = PBXFileReference; fileEncoding = 4; lastKnownFileType = sourcecode.c.h; path = YLAccount.h; sourceTree = "<group>"; };
		E7AB23981B3D41F300FE6B2E /* YLAccount.m */ = {isa = PBXFileReference; fileEncoding = 4; lastKnownFileType = sourcecode.c.objc; path = YLAccount.m; sourceTree = "<group>"; };
		E7AB239A1B3D423500FE6B2E /* YLAccountTool.h */ = {isa = PBXFileReference; fileEncoding = 4; lastKnownFileType = sourcecode.c.h; path = YLAccountTool.h; sourceTree = "<group>"; };
		E7AB239B1B3D423500FE6B2E /* YLAccountTool.m */ = {isa = PBXFileReference; fileEncoding = 4; lastKnownFileType = sourcecode.c.objc; path = YLAccountTool.m; sourceTree = "<group>"; };
		E7AB239D1B3D429000FE6B2E /* YLControllerTool.h */ = {isa = PBXFileReference; fileEncoding = 4; lastKnownFileType = sourcecode.c.h; path = YLControllerTool.h; sourceTree = "<group>"; };
		E7AB239E1B3D429000FE6B2E /* YLControllerTool.m */ = {isa = PBXFileReference; fileEncoding = 4; lastKnownFileType = sourcecode.c.objc; path = YLControllerTool.m; sourceTree = "<group>"; };
		FCAF56F6938F2591D31316F1 /* libPods-ProjectFile.a */ = {isa = PBXFileReference; explicitFileType = archive.ar; includeInIndex = 0; path = "libPods-ProjectFile.a"; sourceTree = BUILT_PRODUCTS_DIR; };
/* End PBXFileReference section */

/* Begin PBXFrameworksBuildPhase section */
		E7AB23231B3D365F00FE6B2E /* Frameworks */ = {
			isa = PBXFrameworksBuildPhase;
			buildActionMask = 2147483647;
			files = (
				1DFF6927216B5337001F9A3B /* UMMobClick.framework in Frameworks */,
				8D3CB8DED4D50359EC3931A7 /* libPods-ProjectFile.a in Frameworks */,
			);
			runOnlyForDeploymentPostprocessing = 0;
		};
		E7AB233C1B3D365F00FE6B2E /* Frameworks */ = {
			isa = PBXFrameworksBuildPhase;
			buildActionMask = 2147483647;
			files = (
			);
			runOnlyForDeploymentPostprocessing = 0;
		};
/* End PBXFrameworksBuildPhase section */

/* Begin PBXGroup section */
		1DFF68FA216B4939001F9A3B /* Views */ = {
			isa = PBXGroup;
			children = (
				1DFF68FB216B4949001F9A3B /* BaseView.h */,
				1DFF68FC216B4949001F9A3B /* BaseView.m */,
				1DFF6900216B4AD2001F9A3B /* BaseTableViewCell.h */,
				1DFF6901216B4AD2001F9A3B /* BaseTableViewCell.m */,
			);
			path = Views;
			sourceTree = "<group>";
		};
		1DFF68FE216B49ED001F9A3B /* Libthird */ = {
			isa = PBXGroup;
			children = (
				1DFF6932216B562A001F9A3B /* LrdOutputView */,
				1DFF692E216B5613001F9A3B /* UICountingLabel */,
			);
			path = Libthird;
			sourceTree = "<group>";
		};
		1DFF68FF216B4A29001F9A3B /* Frameworks */ = {
			isa = PBXGroup;
			children = (
				1DFF6926216B5337001F9A3B /* UMMobClick.framework */,
			);
			path = Frameworks;
			sourceTree = "<group>";
		};
		1DFF6903216B4B2F001F9A3B /* Model */ = {
			isa = PBXGroup;
			children = (
				1DFF6904216B4B49001F9A3B /* BaseOutModel.h */,
				1DFF6905216B4B49001F9A3B /* BaseOutModel.m */,
			);
			path = Model;
			sourceTree = "<group>";
		};
		1DFF690D216B526D001F9A3B /* JSON */ = {
			isa = PBXGroup;
			children = (
				1DFF690E216B5282001F9A3B /* loginbypwd.json */,
			);
			path = JSON;
			sourceTree = "<group>";
		};
		1DFF6910216B52D6001F9A3B /* Images */ = {
			isa = PBXGroup;
			children = (
				1DFF6911216B52D6001F9A3B /* qd3.png */,
				1DFF6912216B52D6001F9A3B /* icon@2x.png */,
				1DFF6913216B52D6001F9A3B /* qd2.png */,
				1DFF6914216B52D6001F9A3B /* qd1.png */,
				1DFF6915216B52D6001F9A3B /* qd5.png */,
				1DFF6916216B52D6001F9A3B /* qd4.png */,
				1DFF6917216B52D6001F9A3B /* IMG_0024.png */,
			);
			path = Images;
			sourceTree = "<group>";
		};
		1DFF692E216B5613001F9A3B /* UICountingLabel */ = {
			isa = PBXGroup;
			children = (
				1DFF692F216B561C001F9A3B /* UICountingLabel.h */,
				1DFF6930216B561C001F9A3B /* UICountingLabel.m */,
			);
			path = UICountingLabel;
			sourceTree = "<group>";
		};
		1DFF6932216B562A001F9A3B /* LrdOutputView */ = {
			isa = PBXGroup;
			children = (
				1DFF6933216B562A001F9A3B /* LrdOutputView.m */,
				1DFF6934216B562A001F9A3B /* LrdOutputView.h */,
			);
			path = LrdOutputView;
			sourceTree = "<group>";
		};
		29AD48E2436798EBC385913F /* Frameworks */ = {
			isa = PBXGroup;
			children = (
				FCAF56F6938F2591D31316F1 /* libPods-ProjectFile.a */,
			);
			name = Frameworks;
			sourceTree = "<group>";
		};
		D4B20F5B7E406C0F30C032C8 /* Pods */ = {
			isa = PBXGroup;
			children = (
				731E7A332C3AF85E15463C91 /* Pods-ProjectFile.debug.xcconfig */,
				69C139F6A32556891312F013 /* Pods-ProjectFile.release.xcconfig */,
			);
			name = Pods;
			sourceTree = "<group>";
		};
		E72F44BE1B3FD57C0000B1E7 /* CoreCategory */ = {
			isa = PBXGroup;
			children = (
				E7A44CC71B413669005445C9 /* UIApplication+Extend.h */,
				E7A44CC81B413669005445C9 /* UIApplication+Extend.m */,
				E72F44BF1B3FD57C0000B1E7 /* CALayer */,
				E72F44C41B3FD57C0000B1E7 /* NSArray */,
				E72F44C71B3FD57C0000B1E7 /* NSDate */,
				E72F44CA1B3FD57C0000B1E7 /* NSObject */,
				E72F44CD1B3FD57C0000B1E7 /* NSString */,
				E72F44D21B3FD57C0000B1E7 /* UIBarButtonItem */,
				E72F44D51B3FD57C0000B1E7 /* UIColor */,
				E72F44D81B3FD57C0000B1E7 /* UIDevice */,
				E72F44DB1B3FD57C0000B1E7 /* UIFont */,
				E72F44DE1B3FD57C0000B1E7 /* UIImage */,
				E72F44E91B3FD57C0000B1E7 /* UITableViewCell */,
				E72F44EC1B3FD57C0000B1E7 /* UIView */,
				E72F44EF1B3FD57C0000B1E7 /* UIWindow */,
			);
			path = CoreCategory;
			sourceTree = "<group>";
		};
		E72F44BF1B3FD57C0000B1E7 /* CALayer */ = {
			isa = PBXGroup;
			children = (
				E72F44C01B3FD57C0000B1E7 /* CALayer+Anim.h */,
				E72F44C11B3FD57C0000B1E7 /* CALayer+Anim.m */,
				E72F44C21B3FD57C0000B1E7 /* CALayer+Transition.h */,
				E72F44C31B3FD57C0000B1E7 /* CALayer+Transition.m */,
			);
			path = CALayer;
			sourceTree = "<group>";
		};
		E72F44C41B3FD57C0000B1E7 /* NSArray */ = {
			isa = PBXGroup;
			children = (
				E72F44C51B3FD57C0000B1E7 /* NSArray+Extend.h */,
				E72F44C61B3FD57C0000B1E7 /* NSArray+Extend.m */,
			);
			path = NSArray;
			sourceTree = "<group>";
		};
		E72F44C71B3FD57C0000B1E7 /* NSDate */ = {
			isa = PBXGroup;
			children = (
				E72F44C81B3FD57C0000B1E7 /* NSDate+Extend.h */,
				E72F44C91B3FD57C0000B1E7 /* NSDate+Extend.m */,
			);
			path = NSDate;
			sourceTree = "<group>";
		};
		E72F44CA1B3FD57C0000B1E7 /* NSObject */ = {
			isa = PBXGroup;
			children = (
				E72F44CB1B3FD57C0000B1E7 /* NSObject+Extend.h */,
				E72F44CC1B3FD57C0000B1E7 /* NSObject+Extend.m */,
			);
			path = NSObject;
			sourceTree = "<group>";
		};
		E72F44CD1B3FD57C0000B1E7 /* NSString */ = {
			isa = PBXGroup;
			children = (
				E72F45281B3FD78D0000B1E7 /* NSString+File.h */,
				E72F45291B3FD78D0000B1E7 /* NSString+File.m */,
				E72F44CE1B3FD57C0000B1E7 /* NSString+Extend.h */,
				E72F44CF1B3FD57C0000B1E7 /* NSString+Extend.m */,
				E72F44D01B3FD57C0000B1E7 /* NSString+Password.h */,
				E72F44D11B3FD57C0000B1E7 /* NSString+Password.m */,
			);
			path = NSString;
			sourceTree = "<group>";
		};
		E72F44D21B3FD57C0000B1E7 /* UIBarButtonItem */ = {
			isa = PBXGroup;
			children = (
				E72F44D31B3FD57C0000B1E7 /* UIBarButtonItem+Extend.h */,
				E72F44D41B3FD57C0000B1E7 /* UIBarButtonItem+Extend.m */,
			);
			path = UIBarButtonItem;
			sourceTree = "<group>";
		};
		E72F44D51B3FD57C0000B1E7 /* UIColor */ = {
			isa = PBXGroup;
			children = (
				E72F44D61B3FD57C0000B1E7 /* UIColor+Extend.h */,
				E72F44D71B3FD57C0000B1E7 /* UIColor+Extend.m */,
			);
			path = UIColor;
			sourceTree = "<group>";
		};
		E72F44D81B3FD57C0000B1E7 /* UIDevice */ = {
			isa = PBXGroup;
			children = (
				E72F44D91B3FD57C0000B1E7 /* UIDevice+Extend.h */,
				E72F44DA1B3FD57C0000B1E7 /* UIDevice+Extend.m */,
			);
			path = UIDevice;
			sourceTree = "<group>";
		};
		E72F44DB1B3FD57C0000B1E7 /* UIFont */ = {
			isa = PBXGroup;
			children = (
				E72F44DC1B3FD57C0000B1E7 /* UIFont+Extend.h */,
				E72F44DD1B3FD57C0000B1E7 /* UIFont+Extend.m */,
			);
			path = UIFont;
			sourceTree = "<group>";
		};
		E72F44DE1B3FD57C0000B1E7 /* UIImage */ = {
			isa = PBXGroup;
			children = (
				E72F44DF1B3FD57C0000B1E7 /* UIImage+Color.h */,
				E72F44E01B3FD57C0000B1E7 /* UIImage+Color.m */,
				E72F44E11B3FD57C0000B1E7 /* UIImage+Cut.h */,
				E72F44E21B3FD57C0000B1E7 /* UIImage+Cut.m */,
				E72F44E31B3FD57C0000B1E7 /* UIImage+Extend.h */,
				E72F44E41B3FD57C0000B1E7 /* UIImage+Extend.m */,
				E72F44E51B3FD57C0000B1E7 /* UIImage+FixOrientation.h */,
				E72F44E61B3FD57C0000B1E7 /* UIImage+FixOrientation.m */,
				E72F44E71B3FD57C0000B1E7 /* UIImage+Water.h */,
				E72F44E81B3FD57C0000B1E7 /* UIImage+Water.m */,
			);
			path = UIImage;
			sourceTree = "<group>";
		};
		E72F44E91B3FD57C0000B1E7 /* UITableViewCell */ = {
			isa = PBXGroup;
			children = (
				E72F44EA1B3FD57C0000B1E7 /* UITableViewCell+Extend.h */,
				E72F44EB1B3FD57C0000B1E7 /* UITableViewCell+Extend.m */,
			);
			path = UITableViewCell;
			sourceTree = "<group>";
		};
		E72F44EC1B3FD57C0000B1E7 /* UIView */ = {
			isa = PBXGroup;
			children = (
				E72F44ED1B3FD57C0000B1E7 /* UIView+Extend.h */,
				E72F44EE1B3FD57C0000B1E7 /* UIView+Extend.m */,
			);
			path = UIView;
			sourceTree = "<group>";
		};
		E72F44EF1B3FD57C0000B1E7 /* UIWindow */ = {
			isa = PBXGroup;
			children = (
				E72F44F01B3FD57C0000B1E7 /* UIWindow+Launch.h */,
				E72F44F11B3FD57C0000B1E7 /* UIWindow+Launch.m */,
			);
			path = UIWindow;
			sourceTree = "<group>";
		};
		E7AB231D1B3D365F00FE6B2E = {
			isa = PBXGroup;
			children = (
				E7AB23281B3D365F00FE6B2E /* ProjectFile */,
				E7AB23421B3D365F00FE6B2E /* ProjectFileTests */,
				E7AB23271B3D365F00FE6B2E /* Products */,
				D4B20F5B7E406C0F30C032C8 /* Pods */,
				29AD48E2436798EBC385913F /* Frameworks */,
			);
			sourceTree = "<group>";
		};
		E7AB23271B3D365F00FE6B2E /* Products */ = {
			isa = PBXGroup;
			children = (
				E7AB23261B3D365F00FE6B2E /* ProjectFile.app */,
				E7AB233F1B3D365F00FE6B2E /* ProjectFileTests.xctest */,
			);
			name = Products;
			sourceTree = "<group>";
		};
		E7AB23281B3D365F00FE6B2E /* ProjectFile */ = {
			isa = PBXGroup;
			children = (
				E7AB234F1B3D38EC00FE6B2E /* AppDelegate */,
				E7AB23571B3D38EC00FE6B2E /* Classes */,
				E7AB235A1B3D38EC00FE6B2E /* General */,
				E7AB23731B3D38EC00FE6B2E /* Helpers */,
				E7AB237B1B3D38EC00FE6B2E /* Macro */,
				E7AB23811B3D38EC00FE6B2E /* Resources */,
				1DFF68FE216B49ED001F9A3B /* Libthird */,
				1DFF68FF216B4A29001F9A3B /* Frameworks */,
				E7AB23291B3D365F00FE6B2E /* Supporting Files */,
			);
			path = ProjectFile;
			sourceTree = "<group>";
		};
		E7AB23291B3D365F00FE6B2E /* Supporting Files */ = {
			isa = PBXGroup;
			children = (
				E7AB232A1B3D365F00FE6B2E /* Info.plist */,
				E7AB232B1B3D365F00FE6B2E /* main.m */,
			);
			name = "Supporting Files";
			sourceTree = "<group>";
		};
		E7AB23421B3D365F00FE6B2E /* ProjectFileTests */ = {
			isa = PBXGroup;
			children = (
				E7AB23451B3D365F00FE6B2E /* ProjectFileTests.m */,
				E7AB23431B3D365F00FE6B2E /* Supporting Files */,
			);
			path = ProjectFileTests;
			sourceTree = "<group>";
		};
		E7AB23431B3D365F00FE6B2E /* Supporting Files */ = {
			isa = PBXGroup;
			children = (
				E7AB23441B3D365F00FE6B2E /* Info.plist */,
			);
			name = "Supporting Files";
			sourceTree = "<group>";
		};
		E7AB234F1B3D38EC00FE6B2E /* AppDelegate */ = {
			isa = PBXGroup;
			children = (
				E7AB23501B3D38EC00FE6B2E /* AppDelegate.h */,
				E7AB23511B3D38EC00FE6B2E /* AppDelegate.m */,
			);
			path = AppDelegate;
			sourceTree = "<group>";
		};
		E7AB23571B3D38EC00FE6B2E /* Classes */ = {
			isa = PBXGroup;
			children = (
				E7AB23581B3D38EC00FE6B2E /* ViewController.h */,
				E7AB23591B3D38EC00FE6B2E /* ViewController.m */,
			);
			path = Classes;
			sourceTree = "<group>";
		};
		E7AB235A1B3D38EC00FE6B2E /* General */ = {
			isa = PBXGroup;
			children = (
				E7AB235B1B3D38EC00FE6B2E /* Categories */,
				E7AB23641B3D38EC00FE6B2E /* Controller */,
				1DFF68FA216B4939001F9A3B /* Views */,
				1DFF6903216B4B2F001F9A3B /* Model */,
				E7AB236B1B3D38EC00FE6B2E /* Tool */,
			);
			path = General;
			sourceTree = "<group>";
		};
		E7AB235B1B3D38EC00FE6B2E /* Categories */ = {
			isa = PBXGroup;
			children = (
				E72F44BE1B3FD57C0000B1E7 /* CoreCategory */,
				E7AB235C1B3D38EC00FE6B2E /* MBProgressHUD+YL.h */,
				E7AB235D1B3D38EC00FE6B2E /* MBProgressHUD+YL.m */,
				E7AB235E1B3D38EC00FE6B2E /* MBProgressHUD.bundle */,
			);
			path = Categories;
			sourceTree = "<group>";
		};
		E7AB23641B3D38EC00FE6B2E /* Controller */ = {
			isa = PBXGroup;
			children = (
				E7AB23651B3D38EC00FE6B2E /* YLAdvViewController.h */,
				E7AB23661B3D38EC00FE6B2E /* YLAdvViewController.h.m */,
				E7AB23671B3D38EC00FE6B2E /* YLNavigationController.h */,
				E7AB23681B3D38EC00FE6B2E /* YLNavigationController.h.m */,
				E7AB23691B3D38EC00FE6B2E /* YLTabBarViewController.h */,
				E7AB236A1B3D38EC00FE6B2E /* YLTabBarViewController.m */,
			);
			path = Controller;
			sourceTree = "<group>";
		};
		E7AB236B1B3D38EC00FE6B2E /* Tool */ = {
			isa = PBXGroup;
			children = (
				E7AB23971B3D41F300FE6B2E /* YLAccount.h */,
				E7AB23981B3D41F300FE6B2E /* YLAccount.m */,
				E7AB239A1B3D423500FE6B2E /* YLAccountTool.h */,
				E7AB239B1B3D423500FE6B2E /* YLAccountTool.m */,
				E7AB239D1B3D429000FE6B2E /* YLControllerTool.h */,
				E7AB239E1B3D429000FE6B2E /* YLControllerTool.m */,
				1DFF6928216B54ED001F9A3B /* FDHTTPTools.h */,
				1DFF6929216B54EE001F9A3B /* FDHTTPTools.m */,
				1DFF692B216B54FB001F9A3B /* FDSDImageTools.h */,
				1DFF692C216B54FB001F9A3B /* FDSDImageTools.m */,
			);
			path = Tool;
			sourceTree = "<group>";
		};
		E7AB23731B3D38EC00FE6B2E /* Helpers */ = {
			isa = PBXGroup;
			children = (
				1DFF6923216B531D001F9A3B /* Base64.h */,
				1DFF691F216B531B001F9A3B /* Base64.m */,
				1DFF6920216B531B001F9A3B /* Base64Defines.h */,
				1DFF6921216B531C001F9A3B /* Des.h */,
				1DFF6922216B531C001F9A3B /* Des.m */,
				E7AB23741B3D38EC00FE6B2E /* PrefixHeader.pch */,
				E7AB23771B3D38EC00FE6B2E /* YLFunction.h */,
				E7AB23781B3D38EC00FE6B2E /* YLFunction.m */,
				E72F452B1B3FD7E30000B1E7 /* CoreArchive.h */,
				E72F452C1B3FD7E30000B1E7 /* CoreArchive.m */,
			);
			path = Helpers;
			sourceTree = "<group>";
		};
		E7AB237B1B3D38EC00FE6B2E /* Macro */ = {
			isa = PBXGroup;
			children = (
				1DFF6936216B574B001F9A3B /* CoreConst.h */,
				1DFF6937216B576E001F9A3B /* CoreConst.h */,
				1DFF690B216B4C3D001F9A3B /* RectMacro.h */,
				1DFF690A216B4C33001F9A3B /* FontMacro.h */,
				1DFF6909216B4C27001F9A3B /* ColorMacro.h */,
				1DFF6908216B4C0B001F9A3B /* ENUMMacro.h */,
				E7AB237C1B3D38EC00FE6B2E /* NotificationMacro.h */,
				E7AB237D1B3D38EC00FE6B2E /* URLsMacro.h */,
				E7AB237E1B3D38EC00FE6B2E /* UtilsMacro.h */,
				E7AB237F1B3D38EC00FE6B2E /* VendorMacro.h */,
			);
			path = Macro;
			sourceTree = "<group>";
		};
		E7AB23811B3D38EC00FE6B2E /* Resources */ = {
			isa = PBXGroup;
			children = (
				1DFF6910216B52D6001F9A3B /* Images */,
				1DFF690D216B526D001F9A3B /* JSON */,
				E7AB23331B3D365F00FE6B2E /* Main.storyboard */,
				E7AB23381B3D365F00FE6B2E /* LaunchScreen.xib */,
				E7AB23361B3D365F00FE6B2E /* Images.xcassets */,
			);
			path = Resources;
			sourceTree = "<group>";
		};
/* End PBXGroup section */

/* Begin PBXNativeTarget section */
		E7AB23251B3D365F00FE6B2E /* ProjectFile */ = {
			isa = PBXNativeTarget;
			buildConfigurationList = E7AB23491B3D365F00FE6B2E /* Build configuration list for PBXNativeTarget "ProjectFile" */;
			buildPhases = (
				B8C73C71201619A6B1DFDF00 /* [CP] Check Pods Manifest.lock */,
				E7AB23221B3D365F00FE6B2E /* Sources */,
				E7AB23231B3D365F00FE6B2E /* Frameworks */,
				E7AB23241B3D365F00FE6B2E /* Resources */,
				C40059365509A4F04330CCCD /* [CP] Copy Pods Resources */,
			);
			buildRules = (
			);
			dependencies = (
			);
			name = ProjectFile;
			productName = ProjectFile;
			productReference = E7AB23261B3D365F00FE6B2E /* ProjectFile.app */;
			productType = "com.apple.product-type.application";
		};
		E7AB233E1B3D365F00FE6B2E /* ProjectFileTests */ = {
			isa = PBXNativeTarget;
			buildConfigurationList = E7AB234C1B3D365F00FE6B2E /* Build configuration list for PBXNativeTarget "ProjectFileTests" */;
			buildPhases = (
				E7AB233B1B3D365F00FE6B2E /* Sources */,
				E7AB233C1B3D365F00FE6B2E /* Frameworks */,
				E7AB233D1B3D365F00FE6B2E /* Resources */,
			);
			buildRules = (
			);
			dependencies = (
				E7AB23411B3D365F00FE6B2E /* PBXTargetDependency */,
			);
			name = ProjectFileTests;
			productName = ProjectFileTests;
			productReference = E7AB233F1B3D365F00FE6B2E /* ProjectFileTests.xctest */;
			productType = "com.apple.product-type.bundle.unit-test";
		};
/* End PBXNativeTarget section */

/* Begin PBXProject section */
		E7AB231E1B3D365F00FE6B2E /* Project object */ = {
			isa = PBXProject;
			attributes = {
				LastUpgradeCheck = 0630;
				ORGANIZATIONNAME = Fexerlear;
				TargetAttributes = {
					E7AB23251B3D365F00FE6B2E = {
						CreatedOnToolsVersion = 6.3;
					};
					E7AB233E1B3D365F00FE6B2E = {
						CreatedOnToolsVersion = 6.3;
						TestTargetID = E7AB23251B3D365F00FE6B2E;
					};
				};
			};
			buildConfigurationList = E7AB23211B3D365F00FE6B2E /* Build configuration list for PBXProject "ProjectFile" */;
			compatibilityVersion = "Xcode 3.2";
			developmentRegion = English;
			hasScannedForEncodings = 0;
			knownRegions = (
				en,
				Base,
			);
			mainGroup = E7AB231D1B3D365F00FE6B2E;
			productRefGroup = E7AB23271B3D365F00FE6B2E /* Products */;
			projectDirPath = "";
			projectRoot = "";
			targets = (
				E7AB23251B3D365F00FE6B2E /* ProjectFile */,
				E7AB233E1B3D365F00FE6B2E /* ProjectFileTests */,
			);
		};
/* End PBXProject section */

/* Begin PBXResourcesBuildPhase section */
		E7AB23241B3D365F00FE6B2E /* Resources */ = {
			isa = PBXResourcesBuildPhase;
			buildActionMask = 2147483647;
			files = (
				1DFF691B216B52D6001F9A3B /* qd1.png in Resources */,
				1DFF6918216B52D6001F9A3B /* qd3.png in Resources */,
				1DFF691E216B52D6001F9A3B /* IMG_0024.png in Resources */,
				1DFF691D216B52D6001F9A3B /* qd4.png in Resources */,
				E7AB23351B3D365F00FE6B2E /* Main.storyboard in Resources */,
				E7AB233A1B3D365F00FE6B2E /* LaunchScreen.xib in Resources */,
				E7AB23371B3D365F00FE6B2E /* Images.xcassets in Resources */,
				1DFF691C216B52D6001F9A3B /* qd5.png in Resources */,
				1DFF6919216B52D6001F9A3B /* icon@2x.png in Resources */,
				E7AB23871B3D38EC00FE6B2E /* MBProgressHUD.bundle in Resources */,
				1DFF691A216B52D6001F9A3B /* qd2.png in Resources */,
				1DFF690F216B5282001F9A3B /* loginbypwd.json in Resources */,
			);
			runOnlyForDeploymentPostprocessing = 0;
		};
		E7AB233D1B3D365F00FE6B2E /* Resources */ = {
			isa = PBXResourcesBuildPhase;
			buildActionMask = 2147483647;
			files = (
			);
			runOnlyForDeploymentPostprocessing = 0;
		};
/* End PBXResourcesBuildPhase section */

/* Begin PBXShellScriptBuildPhase section */
		B8C73C71201619A6B1DFDF00 /* [CP] Check Pods Manifest.lock */ = {
			isa = PBXShellScriptBuildPhase;
			buildActionMask = 2147483647;
			files = (
			);
			inputPaths = (
				"${PODS_PODFILE_DIR_PATH}/Podfile.lock",
				"${PODS_ROOT}/Manifest.lock",
			);
			name = "[CP] Check Pods Manifest.lock";
			outputPaths = (
				"$(DERIVED_FILE_DIR)/Pods-ProjectFile-checkManifestLockResult.txt",
			);
			runOnlyForDeploymentPostprocessing = 0;
			shellPath = /bin/sh;
			shellScript = "diff \"${PODS_PODFILE_DIR_PATH}/Podfile.lock\" \"${PODS_ROOT}/Manifest.lock\" > /dev/null\nif [ $? != 0 ] ; then\n    # print error to STDERR\n    echo \"error: The sandbox is not in sync with the Podfile.lock. Run 'pod install' or update your CocoaPods installation.\" >&2\n    exit 1\nfi\n# This output is used by Xcode 'outputs' to avoid re-running this script phase.\necho \"SUCCESS\" > \"${SCRIPT_OUTPUT_FILE_0}\"\n";
			showEnvVarsInLog = 0;
		};
		C40059365509A4F04330CCCD /* [CP] Copy Pods Resources */ = {
			isa = PBXShellScriptBuildPhase;
			buildActionMask = 2147483647;
			files = (
			);
			inputPaths = (
				"${SRCROOT}/Pods/Target Support Files/Pods-ProjectFile/Pods-ProjectFile-resources.sh",
				"${PODS_ROOT}/CollapseClick/CollapseClick/CollapseClickCell.xib",
				"${PODS_ROOT}/Harpy/Harpy/Harpy.bundle",
				"${PODS_ROOT}/IQKeyboardManager/IQKeyboardManager/Resources/IQKeyboardManager.bundle",
				"${PODS_ROOT}/MJRefresh/MJRefresh/MJRefresh.bundle",
				"${PODS_CONFIGURATION_BUILD_DIR}/MWPhotoBrowser/MWPhotoBrowser.bundle",
				"${PODS_CONFIGURATION_BUILD_DIR}/STAlertView/STAlertView.bundle",
			);
			name = "[CP] Copy Pods Resources";
			outputPaths = (
				"${TARGET_BUILD_DIR}/${UNLOCALIZED_RESOURCES_FOLDER_PATH}/CollapseClickCell.nib",
				"${TARGET_BUILD_DIR}/${UNLOCALIZED_RESOURCES_FOLDER_PATH}/Harpy.bundle",
				"${TARGET_BUILD_DIR}/${UNLOCALIZED_RESOURCES_FOLDER_PATH}/IQKeyboardManager.bundle",
				"${TARGET_BUILD_DIR}/${UNLOCALIZED_RESOURCES_FOLDER_PATH}/MJRefresh.bundle",
				"${TARGET_BUILD_DIR}/${UNLOCALIZED_RESOURCES_FOLDER_PATH}/MWPhotoBrowser.bundle",
				"${TARGET_BUILD_DIR}/${UNLOCALIZED_RESOURCES_FOLDER_PATH}/STAlertView.bundle",
			);
			runOnlyForDeploymentPostprocessing = 0;
			shellPath = /bin/sh;
			shellScript = "\"${SRCROOT}/Pods/Target Support Files/Pods-ProjectFile/Pods-ProjectFile-resources.sh\"\n";
			showEnvVarsInLog = 0;
		};
/* End PBXShellScriptBuildPhase section */

/* Begin PBXSourcesBuildPhase section */
		E7AB23221B3D365F00FE6B2E /* Sources */ = {
			isa = PBXSourcesBuildPhase;
			buildActionMask = 2147483647;
			files = (
				E72F44FA1B3FD57C0000B1E7 /* UIColor+Extend.m in Sources */,
				E72F44F61B3FD57C0000B1E7 /* NSObject+Extend.m in Sources */,
				E72F44F51B3FD57C0000B1E7 /* NSDate+Extend.m in Sources */,
				E72F452D1B3FD7E30000B1E7 /* CoreArchive.m in Sources */,
				E7AB23851B3D38EC00FE6B2E /* ViewController.m in Sources */,
				1DFF6931216B561C001F9A3B /* UICountingLabel.m in Sources */,
				1DFF6902216B4AD2001F9A3B /* BaseTableViewCell.m in Sources */,
				E72F44F21B3FD57C0000B1E7 /* CALayer+Anim.m in Sources */,
				E7AB239F1B3D429000FE6B2E /* YLControllerTool.m in Sources */,
				E7A44CC91B413669005445C9 /* UIApplication+Extend.m in Sources */,
				1DFF6906216B4B49001F9A3B /* BaseOutModel.m in Sources */,
				E7AB23911B3D38EC00FE6B2E /* YLFunction.m in Sources */,
				E72F44F31B3FD57C0000B1E7 /* CALayer+Transition.m in Sources */,
				1DFF6925216B531D001F9A3B /* Des.m in Sources */,
				E72F44F81B3FD57C0000B1E7 /* NSString+Password.m in Sources */,
				E72F44FC1B3FD57C0000B1E7 /* UIFont+Extend.m in Sources */,
				1DFF6935216B562A001F9A3B /* LrdOutputView.m in Sources */,
				E72F44FE1B3FD57C0000B1E7 /* UIImage+Cut.m in Sources */,
				1DFF692D216B54FB001F9A3B /* FDSDImageTools.m in Sources */,
				E7AB23821B3D38EC00FE6B2E /* AppDelegate.m in Sources */,
				E7AB23861B3D38EC00FE6B2E /* MBProgressHUD+YL.m in Sources */,
				E72F44FB1B3FD57C0000B1E7 /* UIDevice+Extend.m in Sources */,
				E72F45011B3FD57C0000B1E7 /* UIImage+Water.m in Sources */,
				1DFF68FD216B4949001F9A3B /* BaseView.m in Sources */,
				E7AB239C1B3D423500FE6B2E /* YLAccountTool.m in Sources */,
				E7AB238C1B3D38EC00FE6B2E /* YLTabBarViewController.m in Sources */,
				E72F45041B3FD57C0000B1E7 /* UIWindow+Launch.m in Sources */,
				E72F44F41B3FD57C0000B1E7 /* NSArray+Extend.m in Sources */,
				E72F45021B3FD57C0000B1E7 /* UITableViewCell+Extend.m in Sources */,
				E72F45031B3FD57C0000B1E7 /* UIView+Extend.m in Sources */,
				1DFF6924216B531D001F9A3B /* Base64.m in Sources */,
				E7AB238A1B3D38EC00FE6B2E /* YLAdvViewController.h.m in Sources */,
				E7AB23991B3D41F300FE6B2E /* YLAccount.m in Sources */,
				E72F44F91B3FD57C0000B1E7 /* UIBarButtonItem+Extend.m in Sources */,
				E72F44FF1B3FD57C0000B1E7 /* UIImage+Extend.m in Sources */,
				E7AB232C1B3D365F00FE6B2E /* main.m in Sources */,
				1DFF692A216B54EE001F9A3B /* FDHTTPTools.m in Sources */,
				E72F452A1B3FD78D0000B1E7 /* NSString+File.m in Sources */,
				E72F45001B3FD57C0000B1E7 /* UIImage+FixOrientation.m in Sources */,
				E7AB238B1B3D38EC00FE6B2E /* YLNavigationController.h.m in Sources */,
				E72F44F71B3FD57C0000B1E7 /* NSString+Extend.m in Sources */,
				E72F44FD1B3FD57C0000B1E7 /* UIImage+Color.m in Sources */,
			);
			runOnlyForDeploymentPostprocessing = 0;
		};
		E7AB233B1B3D365F00FE6B2E /* Sources */ = {
			isa = PBXSourcesBuildPhase;
			buildActionMask = 2147483647;
			files = (
				E7AB23461B3D365F00FE6B2E /* ProjectFileTests.m in Sources */,
			);
			runOnlyForDeploymentPostprocessing = 0;
		};
/* End PBXSourcesBuildPhase section */

/* Begin PBXTargetDependency section */
		E7AB23411B3D365F00FE6B2E /* PBXTargetDependency */ = {
			isa = PBXTargetDependency;
			target = E7AB23251B3D365F00FE6B2E /* ProjectFile */;
			targetProxy = E7AB23401B3D365F00FE6B2E /* PBXContainerItemProxy */;
		};
/* End PBXTargetDependency section */

/* Begin PBXVariantGroup section */
		E7AB23331B3D365F00FE6B2E /* Main.storyboard */ = {
			isa = PBXVariantGroup;
			children = (
				E7AB23341B3D365F00FE6B2E /* Base */,
			);
			name = Main.storyboard;
			path = ..;
			sourceTree = "<group>";
		};
		E7AB23381B3D365F00FE6B2E /* LaunchScreen.xib */ = {
			isa = PBXVariantGroup;
			children = (
				E7AB23391B3D365F00FE6B2E /* Base */,
			);
			name = LaunchScreen.xib;
			path = ..;
			sourceTree = "<group>";
		};
/* End PBXVariantGroup section */

/* Begin XCBuildConfiguration section */
		E7AB23471B3D365F00FE6B2E /* Debug */ = {
			isa = XCBuildConfiguration;
			buildSettings = {
				ALWAYS_SEARCH_USER_PATHS = NO;
				CLANG_CXX_LANGUAGE_STANDARD = "gnu++0x";
				CLANG_CXX_LIBRARY = "libc++";
				CLANG_ENABLE_MODULES = YES;
				CLANG_ENABLE_OBJC_ARC = YES;
				CLANG_WARN_BOOL_CONVERSION = YES;
				CLANG_WARN_CONSTANT_CONVERSION = YES;
				CLANG_WARN_DIRECT_OBJC_ISA_USAGE = YES_ERROR;
				CLANG_WARN_EMPTY_BODY = YES;
				CLANG_WARN_ENUM_CONVERSION = YES;
				CLANG_WARN_INT_CONVERSION = YES;
				CLANG_WARN_OBJC_ROOT_CLASS = YES_ERROR;
				CLANG_WARN_UNREACHABLE_CODE = YES;
				CLANG_WARN__DUPLICATE_METHOD_MATCH = YES;
				"CODE_SIGN_IDENTITY[sdk=iphoneos*]" = "iPhone Developer";
				COPY_PHASE_STRIP = NO;
				DEBUG_INFORMATION_FORMAT = "dwarf-with-dsym";
				ENABLE_STRICT_OBJC_MSGSEND = YES;
				GCC_C_LANGUAGE_STANDARD = gnu99;
				GCC_DYNAMIC_NO_PIC = NO;
				GCC_NO_COMMON_BLOCKS = YES;
				GCC_OPTIMIZATION_LEVEL = 0;
				GCC_PREPROCESSOR_DEFINITIONS = (
					"DEBUG=1",
					"$(inherited)",
				);
				GCC_SYMBOLS_PRIVATE_EXTERN = NO;
				GCC_WARN_64_TO_32_BIT_CONVERSION = YES;
				GCC_WARN_ABOUT_RETURN_TYPE = YES_ERROR;
				GCC_WARN_UNDECLARED_SELECTOR = YES;
				GCC_WARN_UNINITIALIZED_AUTOS = YES_AGGRESSIVE;
				GCC_WARN_UNUSED_FUNCTION = YES;
				GCC_WARN_UNUSED_VARIABLE = YES;
				IPHONEOS_DEPLOYMENT_TARGET = 8.3;
				MTL_ENABLE_DEBUG_INFO = YES;
				ONLY_ACTIVE_ARCH = YES;
				SDKROOT = iphoneos;
			};
			name = Debug;
		};
		E7AB23481B3D365F00FE6B2E /* Release */ = {
			isa = XCBuildConfiguration;
			buildSettings = {
				ALWAYS_SEARCH_USER_PATHS = NO;
				CLANG_CXX_LANGUAGE_STANDARD = "gnu++0x";
				CLANG_CXX_LIBRARY = "libc++";
				CLANG_ENABLE_MODULES = YES;
				CLANG_ENABLE_OBJC_ARC = YES;
				CLANG_WARN_BOOL_CONVERSION = YES;
				CLANG_WARN_CONSTANT_CONVERSION = YES;
				CLANG_WARN_DIRECT_OBJC_ISA_USAGE = YES_ERROR;
				CLANG_WARN_EMPTY_BODY = YES;
				CLANG_WARN_ENUM_CONVERSION = YES;
				CLANG_WARN_INT_CONVERSION = YES;
				CLANG_WARN_OBJC_ROOT_CLASS = YES_ERROR;
				CLANG_WARN_UNREACHABLE_CODE = YES;
				CLANG_WARN__DUPLICATE_METHOD_MATCH = YES;
				"CODE_SIGN_IDENTITY[sdk=iphoneos*]" = "iPhone Developer";
				COPY_PHASE_STRIP = NO;
				DEBUG_INFORMATION_FORMAT = "dwarf-with-dsym";
				ENABLE_NS_ASSERTIONS = NO;
				ENABLE_STRICT_OBJC_MSGSEND = YES;
				GCC_C_LANGUAGE_STANDARD = gnu99;
				GCC_NO_COMMON_BLOCKS = YES;
				GCC_WARN_64_TO_32_BIT_CONVERSION = YES;
				GCC_WARN_ABOUT_RETURN_TYPE = YES_ERROR;
				GCC_WARN_UNDECLARED_SELECTOR = YES;
				GCC_WARN_UNINITIALIZED_AUTOS = YES_AGGRESSIVE;
				GCC_WARN_UNUSED_FUNCTION = YES;
				GCC_WARN_UNUSED_VARIABLE = YES;
				IPHONEOS_DEPLOYMENT_TARGET = 8.3;
				MTL_ENABLE_DEBUG_INFO = NO;
				SDKROOT = iphoneos;
				VALIDATE_PRODUCT = YES;
			};
			name = Release;
		};
		E7AB234A1B3D365F00FE6B2E /* Debug */ = {
			isa = XCBuildConfiguration;
			baseConfigurationReference = 731E7A332C3AF85E15463C91 /* Pods-ProjectFile.debug.xcconfig */;
			buildSettings = {
				ASSETCATALOG_COMPILER_APPICON_NAME = AppIcon;
				FRAMEWORK_SEARCH_PATHS = (
					"$(inherited)",
					"$(PROJECT_DIR)/ProjectFile/Frameworks",
				);
				GCC_PREFIX_HEADER = "$(SRCROOT)/ProjectFile/Helpers/PrefixHeader.pch";
				INFOPLIST_FILE = ProjectFile/Info.plist;
				IPHONEOS_DEPLOYMENT_TARGET = 8.0;
				LD_RUNPATH_SEARCH_PATHS = "$(inherited) @executable_path/Frameworks";
				PRODUCT_NAME = "$(TARGET_NAME)";
			};
			name = Debug;
		};
		E7AB234B1B3D365F00FE6B2E /* Release */ = {
			isa = XCBuildConfiguration;
			baseConfigurationReference = 69C139F6A32556891312F013 /* Pods-ProjectFile.release.xcconfig */;
			buildSettings = {
				ASSETCATALOG_COMPILER_APPICON_NAME = AppIcon;
				FRAMEWORK_SEARCH_PATHS = (
					"$(inherited)",
					"$(PROJECT_DIR)/ProjectFile/Frameworks",
				);
				GCC_PREFIX_HEADER = "$(SRCROOT)/ProjectFile/Helpers/PrefixHeader.pch";
				INFOPLIST_FILE = ProjectFile/Info.plist;
				IPHONEOS_DEPLOYMENT_TARGET = 8.0;
				LD_RUNPATH_SEARCH_PATHS = "$(inherited) @executable_path/Frameworks";
				PRODUCT_NAME = "$(TARGET_NAME)";
			};
			name = Release;
		};
		E7AB234D1B3D365F00FE6B2E /* Debug */ = {
			isa = XCBuildConfiguration;
			buildSettings = {
				BUNDLE_LOADER = "$(TEST_HOST)";
				FRAMEWORK_SEARCH_PATHS = (
					"$(SDKROOT)/Developer/Library/Frameworks",
					"$(inherited)",
				);
				GCC_PREPROCESSOR_DEFINITIONS = (
					"DEBUG=1",
					"$(inherited)",
				);
				INFOPLIST_FILE = ProjectFileTests/Info.plist;
				LD_RUNPATH_SEARCH_PATHS = "$(inherited) @executable_path/Frameworks @loader_path/Frameworks";
				PRODUCT_NAME = "$(TARGET_NAME)";
				TEST_HOST = "$(BUILT_PRODUCTS_DIR)/ProjectFile.app/ProjectFile";
			};
			name = Debug;
		};
		E7AB234E1B3D365F00FE6B2E /* Release */ = {
			isa = XCBuildConfiguration;
			buildSettings = {
				BUNDLE_LOADER = "$(TEST_HOST)";
				FRAMEWORK_SEARCH_PATHS = (
					"$(SDKROOT)/Developer/Library/Frameworks",
					"$(inherited)",
				);
				INFOPLIST_FILE = ProjectFileTests/Info.plist;
				LD_RUNPATH_SEARCH_PATHS = "$(inherited) @executable_path/Frameworks @loader_path/Frameworks";
				PRODUCT_NAME = "$(TARGET_NAME)";
				TEST_HOST = "$(BUILT_PRODUCTS_DIR)/ProjectFile.app/ProjectFile";
			};
			name = Release;
		};
/* End XCBuildConfiguration section */

/* Begin XCConfigurationList section */
		E7AB23211B3D365F00FE6B2E /* Build configuration list for PBXProject "ProjectFile" */ = {
			isa = XCConfigurationList;
			buildConfigurations = (
				E7AB23471B3D365F00FE6B2E /* Debug */,
				E7AB23481B3D365F00FE6B2E /* Release */,
			);
			defaultConfigurationIsVisible = 0;
			defaultConfigurationName = Release;
		};
		E7AB23491B3D365F00FE6B2E /* Build configuration list for PBXNativeTarget "ProjectFile" */ = {
			isa = XCConfigurationList;
			buildConfigurations = (
				E7AB234A1B3D365F00FE6B2E /* Debug */,
				E7AB234B1B3D365F00FE6B2E /* Release */,
			);
			defaultConfigurationIsVisible = 0;
			defaultConfigurationName = Release;
		};
		E7AB234C1B3D365F00FE6B2E /* Build configuration list for PBXNativeTarget "ProjectFileTests" */ = {
			isa = XCConfigurationList;
			buildConfigurations = (
				E7AB234D1B3D365F00FE6B2E /* Debug */,
				E7AB234E1B3D365F00FE6B2E /* Release */,
			);
			defaultConfigurationIsVisible = 0;
			defaultConfigurationName = Release;
		};
/* End XCConfigurationList section */
	};
	rootObject = E7AB231E1B3D365F00FE6B2E /* Project object */;
}
